// !$*UTF8*$!
{
	archiveVersion = 1;
	classes = {
	};
	objectVersion = 46;
	objects = {

/* Begin PBXBuildFile section */
		77CA981C1CC67D9B001105BB /* main.m in Sources */ = {isa = PBXBuildFile; fileRef = 77CA981B1CC67D9B001105BB /* main.m */; };
		77CA981F1CC67D9B001105BB /* AppDelegate.m in Sources */ = {isa = PBXBuildFile; fileRef = 77CA981E1CC67D9B001105BB /* AppDelegate.m */; };
		77CA98221CC67D9B001105BB /* ViewController.m in Sources */ = {isa = PBXBuildFile; fileRef = 77CA98211CC67D9B001105BB /* ViewController.m */; };
		77CA98251CC67D9B001105BB /* Main.storyboard in Resources */ = {isa = PBXBuildFile; fileRef = 77CA98231CC67D9B001105BB /* Main.storyboard */; };
		77CA98281CC67D9B001105BB /* WanbangTravel.xcdatamodeld in Sources */ = {isa = PBXBuildFile; fileRef = 77CA98261CC67D9B001105BB /* WanbangTravel.xcdatamodeld */; };
		77CA982A1CC67D9B001105BB /* Assets.xcassets in Resources */ = {isa = PBXBuildFile; fileRef = 77CA98291CC67D9B001105BB /* Assets.xcassets */; };
		77CA982D1CC67D9B001105BB /* LaunchScreen.storyboard in Resources */ = {isa = PBXBuildFile; fileRef = 77CA982B1CC67D9B001105BB /* LaunchScreen.storyboard */; };
		77CA98381CC67D9B001105BB /* WanbangTravelTests.m in Sources */ = {isa = PBXBuildFile; fileRef = 77CA98371CC67D9B001105BB /* WanbangTravelTests.m */; };
/* End PBXBuildFile section */

/* Begin PBXContainerItemProxy section */
		77CA98341CC67D9B001105BB /* PBXContainerItemProxy */ = {
			isa = PBXContainerItemProxy;
			containerPortal = 77CA980F1CC67D9B001105BB /* Project object */;
			proxyType = 1;
			remoteGlobalIDString = 77CA98161CC67D9B001105BB;
			remoteInfo = WanbangTravel;
		};
/* End PBXContainerItemProxy section */

/* Begin PBXFileReference section */
		77CA98171CC67D9B001105BB /* WanbangTravel.app */ = {isa = PBXFileReference; explicitFileType = wrapper.application; includeInIndex = 0; path = WanbangTravel.app; sourceTree = BUILT_PRODUCTS_DIR; };
		77CA981B1CC67D9B001105BB /* main.m */ = {isa = PBXFileReference; lastKnownFileType = sourcecode.c.objc; path = main.m; sourceTree = "<group>"; };
		77CA981D1CC67D9B001105BB /* AppDelegate.h */ = {isa = PBXFileReference; lastKnownFileType = sourcecode.c.h; path = AppDelegate.h; sourceTree = "<group>"; };
		77CA981E1CC67D9B001105BB /* AppDelegate.m */ = {isa = PBXFileReference; lastKnownFileType = sourcecode.c.objc; path = AppDelegate.m; sourceTree = "<group>"; };
		77CA98201CC67D9B001105BB /* ViewController.h */ = {isa = PBXFileReference; lastKnownFileType = sourcecode.c.h; path = ViewController.h; sourceTree = "<group>"; };
		77CA98211CC67D9B001105BB /* ViewController.m */ = {isa = PBXFileReference; lastKnownFileType = sourcecode.c.objc; path = ViewController.m; sourceTree = "<group>"; };
		77CA98241CC67D9B001105BB /* Base */ = {isa = PBXFileReference; lastKnownFileType = file.storyboard; name = Base; path = Base.lproj/Main.storyboard; sourceTree = "<group>"; };
		77CA98271CC67D9B001105BB /* WanbangTravel.xcdatamodel */ = {isa = PBXFileReference; lastKnownFileType = wrapper.xcdatamodel; path = WanbangTravel.xcdatamodel; sourceTree = "<group>"; };
		77CA98291CC67D9B001105BB /* Assets.xcassets */ = {isa = PBXFileReference; lastKnownFileType = folder.assetcatalog; path = Assets.xcassets; sourceTree = "<group>"; };
		77CA982C1CC67D9B001105BB /* Base */ = {isa = PBXFileReference; lastKnownFileType = file.storyboard; name = Base; path = Base.lproj/LaunchScreen.storyboard; sourceTree = "<group>"; };
		77CA982E1CC67D9B001105BB /* Info.plist */ = {isa = PBXFileReference; lastKnownFileType = text.plist.xml; path = Info.plist; sourceTree = "<group>"; };
		77CA98331CC67D9B001105BB /* WanbangTravelTests.xctest */ = {isa = PBXFileReference; explicitFileType = wrapper.cfbundle; includeInIndex = 0; path = WanbangTravelTests.xctest; sourceTree = BUILT_PRODUCTS_DIR; };
		77CA98371CC67D9B001105BB /* WanbangTravelTests.m */ = {isa = PBXFileReference; lastKnownFileType = sourcecode.c.objc; path = WanbangTravelTests.m; sourceTree = "<group>"; };
		77CA98391CC67D9B001105BB /* Info.plist */ = {isa = PBXFileReference; lastKnownFileType = text.plist.xml; path = Info.plist; sourceTree = "<group>"; };
/* End PBXFileReference section */

/* Begin PBXFrameworksBuildPhase section */
		77CA98141CC67D9B001105BB /* Frameworks */ = {
			isa = PBXFrameworksBuildPhase;
			buildActionMask = 2147483647;
			files = (
			);
			runOnlyForDeploymentPostprocessing = 0;
		};
		77CA98301CC67D9B001105BB /* Frameworks */ = {
			isa = PBXFrameworksBuildPhase;
			buildActionMask = 2147483647;
			files = (
			);
			runOnlyForDeploymentPostprocessing = 0;
		};
/* End PBXFrameworksBuildPhase section */

/* Begin PBXGroup section */
		77CA980E1CC67D9B001105BB = {
			isa = PBXGroup;
			children = (
				77CA98191CC67D9B001105BB /* WanbangTravel */,
				77CA98361CC67D9B001105BB /* WanbangTravelTests */,
				77CA98181CC67D9B001105BB /* Products */,
			);
			sourceTree = "<group>";
		};
		77CA98181CC67D9B001105BB /* Products */ = {
			isa = PBXGroup;
			children = (
				77CA98171CC67D9B001105BB /* WanbangTravel.app */,
				77CA98331CC67D9B001105BB /* WanbangTravelTests.xctest */,
			);
			name = Products;
			sourceTree = "<group>";
		};
		77CA98191CC67D9B001105BB /* WanbangTravel */ = {
			isa = PBXGroup;
			children = (
				77CA981D1CC67D9B001105BB /* AppDelegate.h */,
				77CA981E1CC67D9B001105BB /* AppDelegate.m */,
				77CA98201CC67D9B001105BB /* ViewController.h */,
				77CA98211CC67D9B001105BB /* ViewController.m */,
				77CA98231CC67D9B001105BB /* Main.storyboard */,
				77CA98291CC67D9B001105BB /* Assets.xcassets */,
				77CA982B1CC67D9B001105BB /* LaunchScreen.storyboard */,
				77CA982E1CC67D9B001105BB /* Info.plist */,
				77CA98261CC67D9B001105BB /* WanbangTravel.xcdatamodeld */,
				77CA981A1CC67D9B001105BB /* Supporting Files */,
			);
			path = WanbangTravel;
			sourceTree = "<group>";
		};
		77CA981A1CC67D9B001105BB /* Supporting Files */ = {
			isa = PBXGroup;
			children = (
				77CA981B1CC67D9B001105BB /* main.m */,
			);
			name = "Supporting Files";
			sourceTree = "<group>";
		};
		77CA98361CC67D9B001105BB /* WanbangTravelTests */ = {
			isa = PBXGroup;
			children = (
				77CA98371CC67D9B001105BB /* WanbangTravelTests.m */,
				77CA98391CC67D9B001105BB /* Info.plist */,
			);
			path = WanbangTravelTests;
			sourceTree = "<group>";
		};
/* End PBXGroup section */

/* Begin PBXNativeTarget section */
		77CA98161CC67D9B001105BB /* WanbangTravel */ = {
			isa = PBXNativeTarget;
			buildConfigurationList = 77CA983C1CC67D9B001105BB /* Build configuration list for PBXNativeTarget "WanbangTravel" */;
			buildPhases = (
				77CA98131CC67D9B001105BB /* Sources */,
				77CA98141CC67D9B001105BB /* Frameworks */,
				77CA98151CC67D9B001105BB /* Resources */,
			);
			buildRules = (
			);
			dependencies = (
			);
			name = WanbangTravel;
			productName = WanbangTravel;
			productReference = 77CA98171CC67D9B001105BB /* WanbangTravel.app */;
			productType = "com.apple.product-type.application";
		};
		77CA98321CC67D9B001105BB /* WanbangTravelTests */ = {
			isa = PBXNativeTarget;
			buildConfigurationList = 77CA983F1CC67D9B001105BB /* Build configuration list for PBXNativeTarget "WanbangTravelTests" */;
			buildPhases = (
				77CA982F1CC67D9B001105BB /* Sources */,
				77CA98301CC67D9B001105BB /* Frameworks */,
				77CA98311CC67D9B001105BB /* Resources */,
			);
			buildRules = (
			);
			dependencies = (
				77CA98351CC67D9B001105BB /* PBXTargetDependency */,
			);
			name = WanbangTravelTests;
			productName = WanbangTravelTests;
			productReference = 77CA98331CC67D9B001105BB /* WanbangTravelTests.xctest */;
			productType = "com.apple.product-type.bundle.unit-test";
		};
/* End PBXNativeTarget section */

/* Begin PBXProject section */
		77CA980F1CC67D9B001105BB /* Project object */ = {
			isa = PBXProject;
			attributes = {
				LastUpgradeCheck = 0730;
				ORGANIZATIONNAME = "mmt&sf";
				TargetAttributes = {
					77CA98161CC67D9B001105BB = {
						CreatedOnToolsVersion = 7.3;
						DevelopmentTeam = 2XT83L7AGX;
					};
					77CA98321CC67D9B001105BB = {
						CreatedOnToolsVersion = 7.3;
						DevelopmentTeam = 2XT83L7AGX;
						TestTargetID = 77CA98161CC67D9B001105BB;
					};
				};
			};
			buildConfigurationList = 77CA98121CC67D9B001105BB /* Build configuration list for PBXProject "WanbangTravel" */;
			compatibilityVersion = "Xcode 3.2";
			developmentRegion = English;
			hasScannedForEncodings = 0;
			knownRegions = (
				en,
				Base,
			);
			mainGroup = 77CA980E1CC67D9B001105BB;
			productRefGroup = 77CA98181CC67D9B001105BB /* Products */;
			projectDirPath = "";
			projectRoot = "";
			targets = (
				77CA98161CC67D9B001105BB /* WanbangTravel */,
				77CA98321CC67D9B001105BB /* WanbangTravelTests */,
			);
		};
/* End PBXProject section */

/* Begin PBXResourcesBuildPhase section */
		77CA98151CC67D9B001105BB /* Resources */ = {
			isa = PBXResourcesBuildPhase;
			buildActionMask = 2147483647;
			files = (
				77CA982D1CC67D9B001105BB /* LaunchScreen.storyboard in Resources */,
				77CA982A1CC67D9B001105BB /* Assets.xcassets in Resources */,
				77CA98251CC67D9B001105BB /* Main.storyboard in Resources */,
			);
			runOnlyForDeploymentPostprocessing = 0;
		};
		77CA98311CC67D9B001105BB /* Resources */ = {
			isa = PBXResourcesBuildPhase;
			buildActionMask = 2147483647;
			files = (
			);
			runOnlyForDeploymentPostprocessing = 0;
		};
/* End PBXResourcesBuildPhase section */

/* Begin PBXSourcesBuildPhase section */
		77CA98131CC67D9B001105BB /* Sources */ = {
			isa = PBXSourcesBuildPhase;
			buildActionMask = 2147483647;
			files = (
				77CA98221CC67D9B001105BB /* ViewController.m in Sources */,
				77CA981F1CC67D9B001105BB /* AppDelegate.m in Sources */,
				77CA98281CC67D9B001105BB /* WanbangTravel.xcdatamodeld in Sources */,
				77CA981C1CC67D9B001105BB /* main.m in Sources */,
			);
			runOnlyForDeploymentPostprocessing = 0;
		};
		77CA982F1CC67D9B001105BB /* Sources */ = {
			isa = PBXSourcesBuildPhase;
			buildActionMask = 2147483647;
			files = (
				77CA98381CC67D9B001105BB /* WanbangTravelTests.m in Sources */,
			);
			runOnlyForDeploymentPostprocessing = 0;
		};
/* End PBXSourcesBuildPhase section */

/* Begin PBXTargetDependency section */
		77CA98351CC67D9B001105BB /* PBXTargetDependency */ = {
			isa = PBXTargetDependency;
			target = 77CA98161CC67D9B001105BB /* WanbangTravel */;
			targetProxy = 77CA98341CC67D9B001105BB /* PBXContainerItemProxy */;
		};
/* End PBXTargetDependency section */

/* Begin PBXVariantGroup section */
		77CA98231CC67D9B001105BB /* Main.storyboard */ = {
			isa = PBXVariantGroup;
			children = (
				77CA98241CC67D9B001105BB /* Base */,
			);
			name = Main.storyboard;
			sourceTree = "<group>";
		};
		77CA982B1CC67D9B001105BB /* LaunchScreen.storyboard */ = {
			isa = PBXVariantGroup;
			children = (
				77CA982C1CC67D9B001105BB /* Base */,
			);
			name = LaunchScreen.storyboard;
			sourceTree = "<group>";
		};
/* End PBXVariantGroup section */

/* Begin XCBuildConfiguration section */
		77CA983A1CC67D9B001105BB /* Debug */ = {
			isa = XCBuildConfiguration;
			buildSettings = {
				ALWAYS_SEARCH_USER_PATHS = NO;
				CLANG_ANALYZER_NONNULL = YES;
				CLANG_CXX_LANGUAGE_STANDARD = "gnu++0x";
				CLANG_CXX_LIBRARY = "libc++";
				CLANG_ENABLE_MODULES = YES;
				CLANG_ENABLE_OBJC_ARC = YES;
				CLANG_WARN_BOOL_CONVERSION = YES;
				CLANG_WARN_CONSTANT_CONVERSION = YES;
				CLANG_WARN_DIRECT_OBJC_ISA_USAGE = YES_ERROR;
				CLANG_WARN_EMPTY_BODY = YES;
				CLANG_WARN_ENUM_CONVERSION = YES;
				CLANG_WARN_INT_CONVERSION = YES;
				CLANG_WARN_OBJC_ROOT_CLASS = YES_ERROR;
				CLANG_WARN_UNREACHABLE_CODE = YES;
				CLANG_WARN__DUPLICATE_METHOD_MATCH = YES;
				"CODE_SIGN_IDENTITY[sdk=iphoneos*]" = "iPhone Developer";
				COPY_PHASE_STRIP = NO;
				DEBUG_INFORMATION_FORMAT = dwarf;
				ENABLE_STRICT_OBJC_MSGSEND = YES;
				ENABLE_TESTABILITY = YES;
				GCC_C_LANGUAGE_STANDARD = gnu99;
				GCC_DYNAMIC_NO_PIC = NO;
				GCC_NO_COMMON_BLOCKS = YES;
				GCC_OPTIMIZATION_LEVEL = 0;
				GCC_PREPROCESSOR_DEFINITIONS = (
					"DEBUG=1",
					"$(inherited)",
				);
				GCC_WARN_64_TO_32_BIT_CONVERSION = YES;
				GCC_WARN_ABOUT_RETURN_TYPE = YES_ERROR;
				GCC_WARN_UNDECLARED_SELECTOR = YES;
				GCC_WARN_UNINITIALIZED_AUTOS = YES_AGGRESSIVE;
				GCC_WARN_UNUSED_FUNCTION = YES;
				GCC_WARN_UNUSED_VARIABLE = YES;
				IPHONEOS_DEPLOYMENT_TARGET = 9.3;
				MTL_ENABLE_DEBUG_INFO = YES;
				ONLY_ACTIVE_ARCH = YES;
				SDKROOT = iphoneos;
			};
			name = Debug;
		};
		77CA983B1CC67D9B001105BB /* Release */ = {
			isa = XCBuildConfiguration;
			buildSettings = {
				ALWAYS_SEARCH_USER_PATHS = NO;
				CLANG_ANALYZER_NONNULL = YES;
				CLANG_CXX_LANGUAGE_STANDARD = "gnu++0x";
				CLANG_CXX_LIBRARY = "libc++";
				CLANG_ENABLE_MODULES = YES;
				CLANG_ENABLE_OBJC_ARC = YES;
				CLANG_WARN_BOOL_CONVERSION = YES;
				CLANG_WARN_CONSTANT_CONVERSION = YES;
				CLANG_WARN_DIRECT_OBJC_ISA_USAGE = YES_ERROR;
				CLANG_WARN_EMPTY_BODY = YES;
				CLANG_WARN_ENUM_CONVERSION = YES;
				CLANG_WARN_INT_CONVERSION = YES;
				CLANG_WARN_OBJC_ROOT_CLASS = YES_ERROR;
				CLANG_WARN_UNREACHABLE_CODE = YES;
				CLANG_WARN__DUPLICATE_METHOD_MATCH = YES;
				"CODE_SIGN_IDENTITY[sdk=iphoneos*]" = "iPhone Developer";
				COPY_PHASE_STRIP = NO;
				DEBUG_INFORMATION_FORMAT = "dwarf-with-dsym";
				ENABLE_NS_ASSERTIONS = NO;
				ENABLE_STRICT_OBJC_MSGSEND = YES;
				GCC_C_LANGUAGE_STANDARD = gnu99;
				GCC_NO_COMMON_BLOCKS = YES;
				GCC_WARN_64_TO_32_BIT_CONVERSION = YES;
				GCC_WARN_ABOUT_RETURN_TYPE = YES_ERROR;
				GCC_WARN_UNDECLARED_SELECTOR = YES;
				GCC_WARN_UNINITIALIZED_AUTOS = YES_AGGRESSIVE;
				GCC_WARN_UNUSED_FUNCTION = YES;
				GCC_WARN_UNUSED_VARIABLE = YES;
				IPHONEOS_DEPLOYMENT_TARGET = 9.3;
				MTL_ENABLE_DEBUG_INFO = NO;
				SDKROOT = iphoneos;
				VALIDATE_PRODUCT = YES;
			};
			name = Release;
		};
		77CA983D1CC67D9B001105BB /* Debug */ = {
			isa = XCBuildConfiguration;
			buildSettings = {
				ASSETCATALOG_COMPILER_APPICON_NAME = AppIcon;
				INFOPLIST_FILE = WanbangTravel/Info.plist;
				LD_RUNPATH_SEARCH_PATHS = "$(inherited) @executable_path/Frameworks";
				PRODUCT_BUNDLE_IDENTIFIER = "com.mmt-sf.WanbangTravel";
				PRODUCT_NAME = "$(TARGET_NAME)";
			};
			name = Debug;
		};
		77CA983E1CC67D9B001105BB /* Release */ = {
			isa = XCBuildConfiguration;
			buildSettings = {
				ASSETCATALOG_COMPILER_APPICON_NAME = AppIcon;
				INFOPLIST_FILE = WanbangTravel/Info.plist;
				LD_RUNPATH_SEARCH_PATHS = "$(inherited) @executable_path/Frameworks";
				PRODUCT_BUNDLE_IDENTIFIER = "com.mmt-sf.WanbangTravel";
				PRODUCT_NAME = "$(TARGET_NAME)";
			};
			name = Release;
		};
		77CA98401CC67D9B001105BB /* Debug */ = {
			isa = XCBuildConfiguration;
			buildSettings = {
				BUNDLE_LOADER = "$(TEST_HOST)";
				INFOPLIST_FILE = WanbangTravelTests/Info.plist;
				LD_RUNPATH_SEARCH_PATHS = "$(inherited) @executable_path/Frameworks @loader_path/Frameworks";
				PRODUCT_BUNDLE_IDENTIFIER = "com.mmt-sf.WanbangTravelTests";
				PRODUCT_NAME = "$(TARGET_NAME)";
				TEST_HOST = "$(BUILT_PRODUCTS_DIR)/WanbangTravel.app/WanbangTravel";
			};
			name = Debug;
		};
		77CA98411CC67D9B001105BB /* Release */ = {
			isa = XCBuildConfiguration;
			buildSettings = {
				BUNDLE_LOADER = "$(TEST_HOST)";
				INFOPLIST_FILE = WanbangTravelTests/Info.plist;
				LD_RUNPATH_SEARCH_PATHS = "$(inherited) @executable_path/Frameworks @loader_path/Frameworks";
				PRODUCT_BUNDLE_IDENTIFIER = "com.mmt-sf.WanbangTravelTests";
				PRODUCT_NAME = "$(TARGET_NAME)";
				TEST_HOST = "$(BUILT_PRODUCTS_DIR)/WanbangTravel.app/WanbangTravel";
			};
			name = Release;
		};
/* End XCBuildConfiguration section */

/* Begin XCConfigurationList section */
		77CA98121CC67D9B001105BB /* Build configuration list for PBXProject "WanbangTravel" */ = {
			isa = XCConfigurationList;
			buildConfigurations = (
				77CA983A1CC67D9B001105BB /* Debug */,
				77CA983B1CC67D9B001105BB /* Release */,
			);
			defaultConfigurationIsVisible = 0;
			defaultConfigurationName = Release;
		};
		77CA983C1CC67D9B001105BB /* Build configuration list for PBXNativeTarget "WanbangTravel" */ = {
			isa = XCConfigurationList;
			buildConfigurations = (
				77CA983D1CC67D9B001105BB /* Debug */,
				77CA983E1CC67D9B001105BB /* Release */,
			);
			defaultConfigurationIsVisible = 0;
		};
		77CA983F1CC67D9B001105BB /* Build configuration list for PBXNativeTarget "WanbangTravelTests" */ = {
			isa = XCConfigurationList;
			buildConfigurations = (
				77CA98401CC67D9B001105BB /* Debug */,
				77CA98411CC67D9B001105BB /* Release */,
			);
			defaultConfigurationIsVisible = 0;
		};
/* End XCConfigurationList section */

/* Begin XCVersionGroup section */
		77CA98261CC67D9B001105BB /* WanbangTravel.xcdatamodeld */ = {
			isa = XCVersionGroup;
			children = (
				77CA98271CC67D9B001105BB /* WanbangTravel.xcdatamodel */,
			);
			currentVersion = 77CA98271CC67D9B001105BB /* WanbangTravel.xcdatamodel */;
			path = WanbangTravel.xcdatamodeld;
			sourceTree = "<group>";
			versionGroupType = wrapper.xcdatamodel;
		};
/* End XCVersionGroup section */
	};
	rootObject = 77CA980F1CC67D9B001105BB /* Project object */;
}
